
Microsoft Visual Studio Solution File, Format Version 12.00
# Visual Studio Version 17
VisualStudioVersion = 17.0.31903.59
MinimumVisualStudioVersion = 10.0.40219.1
Project("{9A19103F-16F7-4668-BE54-9A1E7A4F7556}") = "Core", "Core\Core.csproj", "{513FDD5B-0214-45FB-B321-6BA7C51F52AA}"
EndProject
Project("{9A19103F-16F7-4668-BE54-9A1E7A4F7556}") = "Data", "Data\Data.csproj", "{C5CAB2D8-0E04-4D68-BE30-6077C98AC184}"
EndProject
Project("{9A19103F-16F7-4668-BE54-9A1E7A4F7556}") = "AdminUI", "AdminUI\AdminUI.csproj", "{70BED36A-0DE6-4F65-90F2-A3DDB3E26DB6}"
EndProject
Project("{9A19103F-16F7-4668-BE54-9A1E7A4F7556}") = "Service", "Service\Service.csproj", "{77874BBF-4C1A-46F4-B1E0-6EDD2C56D5C7}"
EndProject
Project("{9A19103F-16F7-4668-BE54-9A1E7A4F7556}") = "Api", "Api\Api.csproj", "{6973199B-5A7F-4FDB-A0E0-E68A2C857AC9}"
EndProject
Global
	GlobalSection(SolutionConfigurationPlatforms) = preSolution
		Debug|Any CPU = Debug|Any CPU
		Release|Any CPU = Release|Any CPU
	EndGlobalSection
	GlobalSection(ProjectConfigurationPlatforms) = postSolution
		{513FDD5B-0214-45FB-B321-6BA7C51F52AA}.Debug|Any CPU.ActiveCfg = Debug|Any CPU
		{513FDD5B-0214-45FB-B321-6BA7C51F52AA}.Debug|Any CPU.Build.0 = Debug|Any CPU
		{513FDD5B-0214-45FB-B321-6BA7C51F52AA}.Release|Any CPU.ActiveCfg = Release|Any CPU
		{513FDD5B-0214-45FB-B321-6BA7C51F52AA}.Release|Any CPU.Build.0 = Release|Any CPU
		{C5CAB2D8-0E04-4D68-BE30-6077C98AC184}.Debug|Any CPU.ActiveCfg = Debug|Any CPU
		{C5CAB2D8-0E04-4D68-BE30-6077C98AC184}.Debug|Any CPU.Build.0 = Debug|Any CPU
		{C5CAB2D8-0E04-4D68-BE30-6077C98AC184}.Release|Any CPU.ActiveCfg = Release|Any CPU
		{C5CAB2D8-0E04-4D68-BE30-6077C98AC184}.Release|Any CPU.Build.0 = Release|Any CPU
		{70BED36A-0DE6-4F65-90F2-A3DDB3E26DB6}.Debug|Any CPU.ActiveCfg = Debug|Any CPU
		{70BED36A-0DE6-4F65-90F2-A3DDB3E26DB6}.Debug|Any CPU.Build.0 = Debug|Any CPU
		{70BED36A-0DE6-4F65-90F2-A3DDB3E26DB6}.Release|Any CPU.ActiveCfg = Release|Any CPU
		{70BED36A-0DE6-4F65-90F2-A3DDB3E26DB6}.Release|Any CPU.Build.0 = Release|Any CPU
		{77874BBF-4C1A-46F4-B1E0-6EDD2C56D5C7}.Debug|Any CPU.ActiveCfg = Debug|Any CPU
		{77874BBF-4C1A-46F4-B1E0-6EDD2C56D5C7}.Debug|Any CPU.Build.0 = Debug|Any CPU
		{77874BBF-4C1A-46F4-B1E0-6EDD2C56D5C7}.Release|Any CPU.ActiveCfg = Release|Any CPU
		{77874BBF-4C1A-46F4-B1E0-6EDD2C56D5C7}.Release|Any CPU.Build.0 = Release|Any CPU
		{6973199B-5A7F-4FDB-A0E0-E68A2C857AC9}.Debug|Any CPU.ActiveCfg = Debug|Any CPU
		{6973199B-5A7F-4FDB-A0E0-E68A2C857AC9}.Debug|Any CPU.Build.0 = Debug|Any CPU
		{6973199B-5A7F-4FDB-A0E0-E68A2C857AC9}.Release|Any CPU.ActiveCfg = Release|Any CPU
		{6973199B-5A7F-4FDB-A0E0-E68A2C857AC9}.Release|Any CPU.Build.0 = Release|Any CPU
	EndGlobalSection
	GlobalSection(SolutionProperties) = preSolution
		HideSolutionNode = FALSE
	EndGlobalSection
	GlobalSection(ExtensibilityGlobals) = postSolution
		SolutionGuid = {FC758A7D-979C-4C81-89E1-44970C4D86F8}
	EndGlobalSection
EndGlobal
